
Microsoft Visual Studio Solution File, Format Version 12.00
# Visual Studio Version 17
VisualStudioVersion = 17.4.33122.133
MinimumVisualStudioVersion = 10.0.40219.1
Project("{FAE04EC0-301F-11D3-BF4B-00C04F79EFBC}") = "calculater", "calculater\calculater.csproj", "{19A61301-B6FE-4306-AE87-4A81079B8023}"
EndProject
Global
	GlobalSection(SolutionConfigurationPlatforms) = preSolution
		Debug|Any CPU = Debug|Any CPU
		Release|Any CPU = Release|Any CPU
	EndGlobalSection
	GlobalSection(ProjectConfigurationPlatforms) = postSolution
		{19A61301-B6FE-4306-AE87-4A81079B8023}.Debug|Any CPU.ActiveCfg = Debug|Any CPU
		{19A61301-B6FE-4306-AE87-4A81079B8023}.Debug|Any CPU.Build.0 = Debug|Any CPU
		{19A61301-B6FE-4306-AE87-4A81079B8023}.Release|Any CPU.ActiveCfg = Release|Any CPU
		{19A61301-B6FE-4306-AE87-4A81079B8023}.Release|Any CPU.Build.0 = Release|Any CPU
	EndGlobalSection
	GlobalSection(SolutionProperties) = preSolution
		HideSolutionNode = FALSE
	EndGlobalSection
	GlobalSection(ExtensibilityGlobals) = postSolution
		SolutionGuid = {FCBBE40C-AED9-4C88-84AC-3D14FDBB7B77}
	EndGlobalSection
EndGlobal
